Microsoft Visual Studio Solution File, Format Version 12.00
# Visual Studio Version 17
VisualStudioVersion = 17.5.2.0
MinimumVisualStudioVersion = 10.0.40219.1
Project("{FAE04EC0-301F-11D3-BF4B-00C04F79EFBC}") = "FixedMistRNG", "FixedMistRNG.csproj", "{1B40F903-B1E4-5C32-A638-E218FFF1E361}"
EndProject
Global
	GlobalSection(SolutionConfigurationPlatforms) = preSolution
		Debug|Any CPU = Debug|Any CPU
		Release|Any CPU = Release|Any CPU
	EndGlobalSection
	GlobalSection(ProjectConfigurationPlatforms) = postSolution
		{1B40F903-B1E4-5C32-A638-E218FFF1E361}.Debug|Any CPU.ActiveCfg = Debug|Any CPU
		{1B40F903-B1E4-5C32-A638-E218FFF1E361}.Debug|Any CPU.Build.0 = Debug|Any CPU
		{1B40F903-B1E4-5C32-A638-E218FFF1E361}.Release|Any CPU.ActiveCfg = Release|Any CPU
		{1B40F903-B1E4-5C32-A638-E218FFF1E361}.Release|Any CPU.Build.0 = Release|Any CPU
	EndGlobalSection
	GlobalSection(SolutionProperties) = preSolution
		HideSolutionNode = FALSE
	EndGlobalSection
	GlobalSection(ExtensibilityGlobals) = postSolution
		SolutionGuid = {BE25599C-6CDD-4321-812D-8B927D889030}
	EndGlobalSection
EndGlobal
